
Microsoft Visual Studio Solution File, Format Version 12.00
# Visual Studio Version 17
VisualStudioVersion = 17.3.32804.467
MinimumVisualStudioVersion = 10.0.40219.1
Project("{FAE04EC0-301F-11D3-BF4B-00C04F79EFBC}") = "WebApplication2", "WebApplication2\WebApplication2.csproj", "{430D05A7-7CF7-4C2E-B7B7-487F5AAF4BEC}"
EndProject
Project("{FAE04EC0-301F-11D3-BF4B-00C04F79EFBC}") = "Customer", "Customer\Customer.csproj", "{5F15AAF4-E577-467E-83A8-9E86007001CE}"
EndProject
Global
	GlobalSection(SolutionConfigurationPlatforms) = preSolution
		Debug|Any CPU = Debug|Any CPU
		Release|Any CPU = Release|Any CPU
	EndGlobalSection
	GlobalSection(ProjectConfigurationPlatforms) = postSolution
		{430D05A7-7CF7-4C2E-B7B7-487F5AAF4BEC}.Debug|Any CPU.ActiveCfg = Debug|Any CPU
		{430D05A7-7CF7-4C2E-B7B7-487F5AAF4BEC}.Debug|Any CPU.Build.0 = Debug|Any CPU
		{430D05A7-7CF7-4C2E-B7B7-487F5AAF4BEC}.Release|Any CPU.ActiveCfg = Release|Any CPU
		{430D05A7-7CF7-4C2E-B7B7-487F5AAF4BEC}.Release|Any CPU.Build.0 = Release|Any CPU
		{5F15AAF4-E577-467E-83A8-9E86007001CE}.Debug|Any CPU.ActiveCfg = Debug|Any CPU
		{5F15AAF4-E577-467E-83A8-9E86007001CE}.Debug|Any CPU.Build.0 = Debug|Any CPU
		{5F15AAF4-E577-467E-83A8-9E86007001CE}.Release|Any CPU.ActiveCfg = Release|Any CPU
		{5F15AAF4-E577-467E-83A8-9E86007001CE}.Release|Any CPU.Build.0 = Release|Any CPU
	EndGlobalSection
	GlobalSection(SolutionProperties) = preSolution
		HideSolutionNode = FALSE
	EndGlobalSection
	GlobalSection(ExtensibilityGlobals) = postSolution
		SolutionGuid = {7A87E5A7-6197-4A68-A087-3D22D68A9FB5}
	EndGlobalSection
EndGlobal
